// !$*UTF8*$!
{
	archiveVersion = 1;
	classes = {
	};
	objectVersion = 50;
	objects = {

/* Begin PBXBuildFile section */
		A605EF9224EEFA4F000EBE43 /* CardViewModel.swift in Sources */ = {isa = PBXBuildFile; fileRef = A605EF9124EEFA4F000EBE43 /* CardViewModel.swift */; };
		A605EF9424EF04EF000EBE43 /* Advertiser.swift in Sources */ = {isa = PBXBuildFile; fileRef = A605EF9324EF04EF000EBE43 /* Advertiser.swift */; };
		A690FACE24E9D1B5009DCB35 /* AppDelegate.swift in Sources */ = {isa = PBXBuildFile; fileRef = A690FACD24E9D1B5009DCB35 /* AppDelegate.swift */; };
		A690FAD024E9D1B5009DCB35 /* SceneDelegate.swift in Sources */ = {isa = PBXBuildFile; fileRef = A690FACF24E9D1B5009DCB35 /* SceneDelegate.swift */; };
		A690FAD224E9D1B5009DCB35 /* HomeController.swift in Sources */ = {isa = PBXBuildFile; fileRef = A690FAD124E9D1B5009DCB35 /* HomeController.swift */; };
		A690FAD524E9D1B5009DCB35 /* Main.storyboard in Resources */ = {isa = PBXBuildFile; fileRef = A690FAD324E9D1B5009DCB35 /* Main.storyboard */; };
		A690FAD724E9D1B8009DCB35 /* Assets.xcassets in Resources */ = {isa = PBXBuildFile; fileRef = A690FAD624E9D1B8009DCB35 /* Assets.xcassets */; };
		A690FADA24E9D1B8009DCB35 /* LaunchScreen.storyboard in Resources */ = {isa = PBXBuildFile; fileRef = A690FAD824E9D1B8009DCB35 /* LaunchScreen.storyboard */; };
		A690FAE324E9D7F1009DCB35 /* Extensions+UIView.swift in Sources */ = {isa = PBXBuildFile; fileRef = A690FAE224E9D7F1009DCB35 /* Extensions+UIView.swift */; };
		A690FAE624E9DE89009DCB35 /* HomeBottomControlsStackView.swift in Sources */ = {isa = PBXBuildFile; fileRef = A690FAE524E9DE89009DCB35 /* HomeBottomControlsStackView.swift */; };
		A690FAE824E9E4C7009DCB35 /* TopNavigationStackView.swift in Sources */ = {isa = PBXBuildFile; fileRef = A690FAE724E9E4C7009DCB35 /* TopNavigationStackView.swift */; };
		A690FAFE24EAEBA8009DCB35 /* CardView.swift in Sources */ = {isa = PBXBuildFile; fileRef = A690FAFD24EAEBA8009DCB35 /* CardView.swift */; };
		A690FB0624EC8DA5009DCB35 /* User.swift in Sources */ = {isa = PBXBuildFile; fileRef = A690FB0524EC8DA5009DCB35 /* User.swift */; };
/* End PBXBuildFile section */

/* Begin PBXFileReference section */
		A605EF9124EEFA4F000EBE43 /* CardViewModel.swift */ = {isa = PBXFileReference; lastKnownFileType = sourcecode.swift; path = CardViewModel.swift; sourceTree = "<group>"; };
		A605EF9324EF04EF000EBE43 /* Advertiser.swift */ = {isa = PBXFileReference; lastKnownFileType = sourcecode.swift; path = Advertiser.swift; sourceTree = "<group>"; };
		A690FACA24E9D1B5009DCB35 /* Tinder.app */ = {isa = PBXFileReference; explicitFileType = wrapper.application; includeInIndex = 0; path = Tinder.app; sourceTree = BUILT_PRODUCTS_DIR; };
		A690FACD24E9D1B5009DCB35 /* AppDelegate.swift */ = {isa = PBXFileReference; lastKnownFileType = sourcecode.swift; path = AppDelegate.swift; sourceTree = "<group>"; };
		A690FACF24E9D1B5009DCB35 /* SceneDelegate.swift */ = {isa = PBXFileReference; lastKnownFileType = sourcecode.swift; path = SceneDelegate.swift; sourceTree = "<group>"; };
		A690FAD124E9D1B5009DCB35 /* HomeController.swift */ = {isa = PBXFileReference; lastKnownFileType = sourcecode.swift; path = HomeController.swift; sourceTree = "<group>"; };
		A690FAD424E9D1B5009DCB35 /* Base */ = {isa = PBXFileReference; lastKnownFileType = file.storyboard; name = Base; path = Base.lproj/Main.storyboard; sourceTree = "<group>"; };
		A690FAD624E9D1B8009DCB35 /* Assets.xcassets */ = {isa = PBXFileReference; lastKnownFileType = folder.assetcatalog; path = Assets.xcassets; sourceTree = "<group>"; };
		A690FAD924E9D1B8009DCB35 /* Base */ = {isa = PBXFileReference; lastKnownFileType = file.storyboard; name = Base; path = Base.lproj/LaunchScreen.storyboard; sourceTree = "<group>"; };
		A690FADB24E9D1B8009DCB35 /* Info.plist */ = {isa = PBXFileReference; lastKnownFileType = text.plist.xml; path = Info.plist; sourceTree = "<group>"; };
		A690FAE224E9D7F1009DCB35 /* Extensions+UIView.swift */ = {isa = PBXFileReference; fileEncoding = 4; lastKnownFileType = sourcecode.swift; name = "Extensions+UIView.swift"; path = "../../../../../Downloads/Tinder Firestore Swipe and Match/01. Laying Out User Interface/SwipeMatchFirestoreLBTA/SwipeMatchFirestoreLBTA/Extensions/Extensions+UIView.swift"; sourceTree = "<group>"; };
		A690FAE524E9DE89009DCB35 /* HomeBottomControlsStackView.swift */ = {isa = PBXFileReference; lastKnownFileType = sourcecode.swift; path = HomeBottomControlsStackView.swift; sourceTree = "<group>"; };
		A690FAE724E9E4C7009DCB35 /* TopNavigationStackView.swift */ = {isa = PBXFileReference; lastKnownFileType = sourcecode.swift; path = TopNavigationStackView.swift; sourceTree = "<group>"; };
		A690FAFD24EAEBA8009DCB35 /* CardView.swift */ = {isa = PBXFileReference; lastKnownFileType = sourcecode.swift; path = CardView.swift; sourceTree = "<group>"; };
		A690FB0524EC8DA5009DCB35 /* User.swift */ = {isa = PBXFileReference; lastKnownFileType = sourcecode.swift; path = User.swift; sourceTree = "<group>"; };
/* End PBXFileReference section */

/* Begin PBXFrameworksBuildPhase section */
		A690FAC724E9D1B5009DCB35 /* Frameworks */ = {
			isa = PBXFrameworksBuildPhase;
			buildActionMask = 2147483647;
			files = (
			);
			runOnlyForDeploymentPostprocessing = 0;
		};
/* End PBXFrameworksBuildPhase section */

/* Begin PBXGroup section */
		A605EF8F24EEFA0E000EBE43 /* Controllers */ = {
			isa = PBXGroup;
			children = (
				A690FAD124E9D1B5009DCB35 /* HomeController.swift */,
			);
			path = Controllers;
			sourceTree = "<group>";
		};
		A605EF9024EEFA37000EBE43 /* ViewModels */ = {
			isa = PBXGroup;
			children = (
				A605EF9124EEFA4F000EBE43 /* CardViewModel.swift */,
			);
			path = ViewModels;
			sourceTree = "<group>";
		};
		A690FAC124E9D1B5009DCB35 = {
			isa = PBXGroup;
			children = (
				A690FACC24E9D1B5009DCB35 /* Tinder */,
				A690FACB24E9D1B5009DCB35 /* Products */,
			);
			sourceTree = "<group>";
		};
		A690FACB24E9D1B5009DCB35 /* Products */ = {
			isa = PBXGroup;
			children = (
				A690FACA24E9D1B5009DCB35 /* Tinder.app */,
			);
			name = Products;
			sourceTree = "<group>";
		};
		A690FACC24E9D1B5009DCB35 /* Tinder */ = {
			isa = PBXGroup;
			children = (
				A605EF9024EEFA37000EBE43 /* ViewModels */,
				A605EF8F24EEFA0E000EBE43 /* Controllers */,
				A690FB0424EC8D8E009DCB35 /* Model */,
				A690FAE424E9DE53009DCB35 /* Views */,
				A690FAE124E9D7CB009DCB35 /* Extensions */,
				A690FACD24E9D1B5009DCB35 /* AppDelegate.swift */,
				A690FACF24E9D1B5009DCB35 /* SceneDelegate.swift */,
				A690FAD324E9D1B5009DCB35 /* Main.storyboard */,
				A690FAD624E9D1B8009DCB35 /* Assets.xcassets */,
				A690FAD824E9D1B8009DCB35 /* LaunchScreen.storyboard */,
				A690FADB24E9D1B8009DCB35 /* Info.plist */,
			);
			path = Tinder;
			sourceTree = "<group>";
		};
		A690FAE124E9D7CB009DCB35 /* Extensions */ = {
			isa = PBXGroup;
			children = (
				A690FAE224E9D7F1009DCB35 /* Extensions+UIView.swift */,
			);
			path = Extensions;
			sourceTree = "<group>";
		};
		A690FAE424E9DE53009DCB35 /* Views */ = {
			isa = PBXGroup;
			children = (
				A690FAE524E9DE89009DCB35 /* HomeBottomControlsStackView.swift */,
				A690FAE724E9E4C7009DCB35 /* TopNavigationStackView.swift */,
				A690FAFD24EAEBA8009DCB35 /* CardView.swift */,
			);
			path = Views;
			sourceTree = "<group>";
		};
		A690FB0424EC8D8E009DCB35 /* Model */ = {
			isa = PBXGroup;
			children = (
				A690FB0524EC8DA5009DCB35 /* User.swift */,
				A605EF9324EF04EF000EBE43 /* Advertiser.swift */,
			);
			path = Model;
			sourceTree = "<group>";
		};
/* End PBXGroup section */

/* Begin PBXNativeTarget section */
		A690FAC924E9D1B5009DCB35 /* Tinder */ = {
			isa = PBXNativeTarget;
			buildConfigurationList = A690FADE24E9D1B8009DCB35 /* Build configuration list for PBXNativeTarget "Tinder" */;
			buildPhases = (
				A690FAC624E9D1B5009DCB35 /* Sources */,
				A690FAC724E9D1B5009DCB35 /* Frameworks */,
				A690FAC824E9D1B5009DCB35 /* Resources */,
			);
			buildRules = (
			);
			dependencies = (
			);
			name = Tinder;
			productName = Tinder;
			productReference = A690FACA24E9D1B5009DCB35 /* Tinder.app */;
			productType = "com.apple.product-type.application";
		};
/* End PBXNativeTarget section */

/* Begin PBXProject section */
		A690FAC224E9D1B5009DCB35 /* Project object */ = {
			isa = PBXProject;
			attributes = {
				LastSwiftUpdateCheck = 1150;
				LastUpgradeCheck = 1150;
				ORGANIZATIONNAME = "Vyacheslav Pavlov";
				TargetAttributes = {
					A690FAC924E9D1B5009DCB35 = {
						CreatedOnToolsVersion = 11.5;
					};
				};
			};
			buildConfigurationList = A690FAC524E9D1B5009DCB35 /* Build configuration list for PBXProject "Tinder" */;
			compatibilityVersion = "Xcode 9.3";
			developmentRegion = en;
			hasScannedForEncodings = 0;
			knownRegions = (
				en,
				Base,
			);
			mainGroup = A690FAC124E9D1B5009DCB35;
			productRefGroup = A690FACB24E9D1B5009DCB35 /* Products */;
			projectDirPath = "";
			projectRoot = "";
			targets = (
				A690FAC924E9D1B5009DCB35 /* Tinder */,
			);
		};
/* End PBXProject section */

/* Begin PBXResourcesBuildPhase section */
		A690FAC824E9D1B5009DCB35 /* Resources */ = {
			isa = PBXResourcesBuildPhase;
			buildActionMask = 2147483647;
			files = (
				A690FADA24E9D1B8009DCB35 /* LaunchScreen.storyboard in Resources */,
				A690FAD724E9D1B8009DCB35 /* Assets.xcassets in Resources */,
				A690FAD524E9D1B5009DCB35 /* Main.storyboard in Resources */,
			);
			runOnlyForDeploymentPostprocessing = 0;
		};
/* End PBXResourcesBuildPhase section */

/* Begin PBXSourcesBuildPhase section */
		A690FAC624E9D1B5009DCB35 /* Sources */ = {
			isa = PBXSourcesBuildPhase;
			buildActionMask = 2147483647;
			files = (
				A605EF9424EF04EF000EBE43 /* Advertiser.swift in Sources */,
				A690FAFE24EAEBA8009DCB35 /* CardView.swift in Sources */,
				A690FAD224E9D1B5009DCB35 /* HomeController.swift in Sources */,
				A690FACE24E9D1B5009DCB35 /* AppDelegate.swift in Sources */,
				A690FAE624E9DE89009DCB35 /* HomeBottomControlsStackView.swift in Sources */,
				A690FB0624EC8DA5009DCB35 /* User.swift in Sources */,
				A690FAE824E9E4C7009DCB35 /* TopNavigationStackView.swift in Sources */,
				A690FAE324E9D7F1009DCB35 /* Extensions+UIView.swift in Sources */,
				A690FAD024E9D1B5009DCB35 /* SceneDelegate.swift in Sources */,
				A605EF9224EEFA4F000EBE43 /* CardViewModel.swift in Sources */,
			);
			runOnlyForDeploymentPostprocessing = 0;
		};
/* End PBXSourcesBuildPhase section */

/* Begin PBXVariantGroup section */
		A690FAD324E9D1B5009DCB35 /* Main.storyboard */ = {
			isa = PBXVariantGroup;
			children = (
				A690FAD424E9D1B5009DCB35 /* Base */,
			);
			name = Main.storyboard;
			sourceTree = "<group>";
		};
		A690FAD824E9D1B8009DCB35 /* LaunchScreen.storyboard */ = {
			isa = PBXVariantGroup;
			children = (
				A690FAD924E9D1B8009DCB35 /* Base */,
			);
			name = LaunchScreen.storyboard;
			sourceTree = "<group>";
		};
/* End PBXVariantGroup section */

/* Begin XCBuildConfiguration section */
		A690FADC24E9D1B8009DCB35 /* Debug */ = {
			isa = XCBuildConfiguration;
			buildSettings = {
				ALWAYS_SEARCH_USER_PATHS = NO;
				CLANG_ANALYZER_NONNULL = YES;
				CLANG_ANALYZER_NUMBER_OBJECT_CONVERSION = YES_AGGRESSIVE;
				CLANG_CXX_LANGUAGE_STANDARD = "gnu++14";
				CLANG_CXX_LIBRARY = "libc++";
				CLANG_ENABLE_MODULES = YES;
				CLANG_ENABLE_OBJC_ARC = YES;
				CLANG_ENABLE_OBJC_WEAK = YES;
				CLANG_WARN_BLOCK_CAPTURE_AUTORELEASING = YES;
				CLANG_WARN_BOOL_CONVERSION = YES;
				CLANG_WARN_COMMA = YES;
				CLANG_WARN_CONSTANT_CONVERSION = YES;
				CLANG_WARN_DEPRECATED_OBJC_IMPLEMENTATIONS = YES;
				CLANG_WARN_DIRECT_OBJC_ISA_USAGE = YES_ERROR;
				CLANG_WARN_DOCUMENTATION_COMMENTS = YES;
				CLANG_WARN_EMPTY_BODY = YES;
				CLANG_WARN_ENUM_CONVERSION = YES;
				CLANG_WARN_INFINITE_RECURSION = YES;
				CLANG_WARN_INT_CONVERSION = YES;
				CLANG_WARN_NON_LITERAL_NULL_CONVERSION = YES;
				CLANG_WARN_OBJC_IMPLICIT_RETAIN_SELF = YES;
				CLANG_WARN_OBJC_LITERAL_CONVERSION = YES;
				CLANG_WARN_OBJC_ROOT_CLASS = YES_ERROR;
				CLANG_WARN_RANGE_LOOP_ANALYSIS = YES;
				CLANG_WARN_STRICT_PROTOTYPES = YES;
				CLANG_WARN_SUSPICIOUS_MOVE = YES;
				CLANG_WARN_UNGUARDED_AVAILABILITY = YES_AGGRESSIVE;
				CLANG_WARN_UNREACHABLE_CODE = YES;
				CLANG_WARN__DUPLICATE_METHOD_MATCH = YES;
				COPY_PHASE_STRIP = NO;
				DEBUG_INFORMATION_FORMAT = dwarf;
				ENABLE_STRICT_OBJC_MSGSEND = YES;
				ENABLE_TESTABILITY = YES;
				GCC_C_LANGUAGE_STANDARD = gnu11;
				GCC_DYNAMIC_NO_PIC = NO;
				GCC_NO_COMMON_BLOCKS = YES;
				GCC_OPTIMIZATION_LEVEL = 0;
				GCC_PREPROCESSOR_DEFINITIONS = (
					"DEBUG=1",
					"$(inherited)",
				);
				GCC_WARN_64_TO_32_BIT_CONVERSION = YES;
				GCC_WARN_ABOUT_RETURN_TYPE = YES_ERROR;
				GCC_WARN_UNDECLARED_SELECTOR = YES;
				GCC_WARN_UNINITIALIZED_AUTOS = YES_AGGRESSIVE;
				GCC_WARN_UNUSED_FUNCTION = YES;
				GCC_WARN_UNUSED_VARIABLE = YES;
				IPHONEOS_DEPLOYMENT_TARGET = 13.5;
				MTL_ENABLE_DEBUG_INFO = INCLUDE_SOURCE;
				MTL_FAST_MATH = YES;
				ONLY_ACTIVE_ARCH = YES;
				SDKROOT = iphoneos;
				SWIFT_ACTIVE_COMPILATION_CONDITIONS = DEBUG;
				SWIFT_OPTIMIZATION_LEVEL = "-Onone";
			};
			name = Debug;
		};
		A690FADD24E9D1B8009DCB35 /* Release */ = {
			isa = XCBuildConfiguration;
			buildSettings = {
				ALWAYS_SEARCH_USER_PATHS = NO;
				CLANG_ANALYZER_NONNULL = YES;
				CLANG_ANALYZER_NUMBER_OBJECT_CONVERSION = YES_AGGRESSIVE;
				CLANG_CXX_LANGUAGE_STANDARD = "gnu++14";
				CLANG_CXX_LIBRARY = "libc++";
				CLANG_ENABLE_MODULES = YES;
				CLANG_ENABLE_OBJC_ARC = YES;
				CLANG_ENABLE_OBJC_WEAK = YES;
				CLANG_WARN_BLOCK_CAPTURE_AUTORELEASING = YES;
				CLANG_WARN_BOOL_CONVERSION = YES;
				CLANG_WARN_COMMA = YES;
				CLANG_WARN_CONSTANT_CONVERSION = YES;
				CLANG_WARN_DEPRECATED_OBJC_IMPLEMENTATIONS = YES;
				CLANG_WARN_DIRECT_OBJC_ISA_USAGE = YES_ERROR;
				CLANG_WARN_DOCUMENTATION_COMMENTS = YES;
				CLANG_WARN_EMPTY_BODY = YES;
				CLANG_WARN_ENUM_CONVERSION = YES;
				CLANG_WARN_INFINITE_RECURSION = YES;
				CLANG_WARN_INT_CONVERSION = YES;
				CLANG_WARN_NON_LITERAL_NULL_CONVERSION = YES;
				CLANG_WARN_OBJC_IMPLICIT_RETAIN_SELF = YES;
				CLANG_WARN_OBJC_LITERAL_CONVERSION = YES;
				CLANG_WARN_OBJC_ROOT_CLASS = YES_ERROR;
				CLANG_WARN_RANGE_LOOP_ANALYSIS = YES;
				CLANG_WARN_STRICT_PROTOTYPES = YES;
				CLANG_WARN_SUSPICIOUS_MOVE = YES;
				CLANG_WARN_UNGUARDED_AVAILABILITY = YES_AGGRESSIVE;
				CLANG_WARN_UNREACHABLE_CODE = YES;
				CLANG_WARN__DUPLICATE_METHOD_MATCH = YES;
				COPY_PHASE_STRIP = NO;
				DEBUG_INFORMATION_FORMAT = "dwarf-with-dsym";
				ENABLE_NS_ASSERTIONS = NO;
				ENABLE_STRICT_OBJC_MSGSEND = YES;
				GCC_C_LANGUAGE_STANDARD = gnu11;
				GCC_NO_COMMON_BLOCKS = YES;
				GCC_WARN_64_TO_32_BIT_CONVERSION = YES;
				GCC_WARN_ABOUT_RETURN_TYPE = YES_ERROR;
				GCC_WARN_UNDECLARED_SELECTOR = YES;
				GCC_WARN_UNINITIALIZED_AUTOS = YES_AGGRESSIVE;
				GCC_WARN_UNUSED_FUNCTION = YES;
				GCC_WARN_UNUSED_VARIABLE = YES;
				IPHONEOS_DEPLOYMENT_TARGET = 13.5;
				MTL_ENABLE_DEBUG_INFO = NO;
				MTL_FAST_MATH = YES;
				SDKROOT = iphoneos;
				SWIFT_COMPILATION_MODE = wholemodule;
				SWIFT_OPTIMIZATION_LEVEL = "-O";
				VALIDATE_PRODUCT = YES;
			};
			name = Release;
		};
		A690FADF24E9D1B8009DCB35 /* Debug */ = {
			isa = XCBuildConfiguration;
			buildSettings = {
				ASSETCATALOG_COMPILER_APPICON_NAME = AppIcon;
				CODE_SIGN_STYLE = Automatic;
				INFOPLIST_FILE = Tinder/Info.plist;
				LD_RUNPATH_SEARCH_PATHS = (
					"$(inherited)",
					"@executable_path/Frameworks",
				);
				PRODUCT_BUNDLE_IDENTIFIER = com.example.Tinder;
				PRODUCT_NAME = "$(TARGET_NAME)";
				SWIFT_VERSION = 5.0;
				TARGETED_DEVICE_FAMILY = 1;
			};
			name = Debug;
		};
		A690FAE024E9D1B8009DCB35 /* Release */ = {
			isa = XCBuildConfiguration;
			buildSettings = {
				ASSETCATALOG_COMPILER_APPICON_NAME = AppIcon;
				CODE_SIGN_STYLE = Automatic;
				INFOPLIST_FILE = Tinder/Info.plist;
				LD_RUNPATH_SEARCH_PATHS = (
					"$(inherited)",
					"@executable_path/Frameworks",
				);
				PRODUCT_BUNDLE_IDENTIFIER = com.example.Tinder;
				PRODUCT_NAME = "$(TARGET_NAME)";
				SWIFT_VERSION = 5.0;
				TARGETED_DEVICE_FAMILY = 1;
			};
			name = Release;
		};
/* End XCBuildConfiguration section */

/* Begin XCConfigurationList section */
		A690FAC524E9D1B5009DCB35 /* Build configuration list for PBXProject "Tinder" */ = {
			isa = XCConfigurationList;
			buildConfigurations = (
				A690FADC24E9D1B8009DCB35 /* Debug */,
				A690FADD24E9D1B8009DCB35 /* Release */,
			);
			defaultConfigurationIsVisible = 0;
			defaultConfigurationName = Release;
		};
		A690FADE24E9D1B8009DCB35 /* Build configuration list for PBXNativeTarget "Tinder" */ = {
			isa = XCConfigurationList;
			buildConfigurations = (
				A690FADF24E9D1B8009DCB35 /* Debug */,
				A690FAE024E9D1B8009DCB35 /* Release */,
			);
			defaultConfigurationIsVisible = 0;
			defaultConfigurationName = Release;
		};
/* End XCConfigurationList section */
	};
	rootObject = A690FAC224E9D1B5009DCB35 /* Project object */;
}
